
Microsoft Visual Studio Solution File, Format Version 12.00
# Visual Studio Version 17
VisualStudioVersion = 17.5.33424.131
MinimumVisualStudioVersion = 10.0.40219.1
Project("{FAE04EC0-301F-11D3-BF4B-00C04F79EFBC}") = "Pokedexweb", "Pokedexweb\Pokedexweb.csproj", "{E287ABA6-F18C-46F7-968E-A673C087C8A6}"
EndProject
Global
	GlobalSection(SolutionConfigurationPlatforms) = preSolution
		Debug|Any CPU = Debug|Any CPU
		Release|Any CPU = Release|Any CPU
	EndGlobalSection
	GlobalSection(ProjectConfigurationPlatforms) = postSolution
		{E287ABA6-F18C-46F7-968E-A673C087C8A6}.Debug|Any CPU.ActiveCfg = Debug|Any CPU
		{E287ABA6-F18C-46F7-968E-A673C087C8A6}.Debug|Any CPU.Build.0 = Debug|Any CPU
		{E287ABA6-F18C-46F7-968E-A673C087C8A6}.Release|Any CPU.ActiveCfg = Release|Any CPU
		{E287ABA6-F18C-46F7-968E-A673C087C8A6}.Release|Any CPU.Build.0 = Release|Any CPU
	EndGlobalSection
	GlobalSection(SolutionProperties) = preSolution
		HideSolutionNode = FALSE
	EndGlobalSection
	GlobalSection(ExtensibilityGlobals) = postSolution
		SolutionGuid = {E7E23531-930F-484B-8BE9-B5554C6359CF}
	EndGlobalSection
EndGlobal
